github.com/am-okalin/kit v0.0.0-20221222085953-382876a2c671 h1:uBMlV7MeJtpEQ77nsliMe9dREQG0cGS6L5cDLhen4oI=
github.com/am-okalin/kit v0.0.0-20221222085953-382876a2c671/go.mod h1:xBeLjByRvIWHo3vafbQ59klFo2IYHW8BwIz0yAbwq64=
github.com/am-okalin/kit v0.0.0-20230215104017-2b70ac2fb364 h1:aN956P15EPoXXXlK5InVH4NjcVa5J8QFHvP5OhVKoZo=
github.com/am-okalin/kit v0.0.0-20230215104017-2b70ac2fb364/go.mod h1:xBeLjByRvIWHo3vafbQ59klFo2IYHW8BwIz0yAbwq64=
