github.com/alitto/pond v1.8.0 h1:/4wnAU0vOjhsUxOxjtXuNb59oh0J+Jjukf6gtkWpGJk=
github.com/alitto/pond v1.8.0/go.mod h1:xQn3P/sHTYcU/1BR3i86IGIrilcrGC2LiS+E2+CJWsI=
github.com/petermattis/goid v0.0.0-20220712135657-ac599d9cba15 h1:4lW1DeHHRUzImL9Uz2Fa4j7IIJr+7FNfzjSJxGSZz/k=
github.com/petermattis/goid v0.0.0-20220712135657-ac599d9cba15/go.mod h1:pxMtw7cyUw6B2bRH0ZBANSPg+AoSud1I1iyJHI69jH4=
